
Microsoft Visual Studio Solution File, Format Version 12.00
# Visual Studio Version 17
VisualStudioVersion = 17.6.33815.320
MinimumVisualStudioVersion = 10.0.40219.1
Project("{2150E333-8FDC-42A3-9474-1A3956D46DE8}") = "Solution Items", "Solution Items", "{748C0E29-2F12-4E6C-8775-121AF0D3F39A}"
	ProjectSection(SolutionItems) = preProject
		.gitattributes = .gitattributes
		.gitignore = .gitignore
		AzoresGov.Healthcare.Reimbursements.config = AzoresGov.Healthcare.Reimbursements.config
		dotnet-tools.json = dotnet-tools.json
		NuGet.config = NuGet.config
	EndProjectSection
EndProject
Project("{9A19103F-16F7-4668-BE54-9A1E7A4F7556}") = "AzoresGov.Healthcare.Reimbursements", "AzoresGov.Healthcare.Reimbursements\AzoresGov.Healthcare.Reimbursements.csproj", "{868F048C-D737-4E29-9110-8BE8D1F09275}"
EndProject
Project("{9A19103F-16F7-4668-BE54-9A1E7A4F7556}") = "AzoresGov.Healthcare.Reimbursements.Abstractions", "AzoresGov.Healthcare.Reimbursements.Abstractions\AzoresGov.Healthcare.Reimbursements.Abstractions.csproj", "{ABE3DAA2-1BDC-4590-9DE1-C170154FE3F6}"
EndProject
Project("{9A19103F-16F7-4668-BE54-9A1E7A4F7556}") = "AzoresGov.Healthcare.Reimbursements.Api", "AzoresGov.Healthcare.Reimbursements.Api\AzoresGov.Healthcare.Reimbursements.Api.csproj", "{D082737F-73B8-40D6-AFEF-66709E122BC2}"
EndProject
Project("{9A19103F-16F7-4668-BE54-9A1E7A4F7556}") = "AzoresGov.Healthcare.Reimbursements.Api.Abstractions", "AzoresGov.Healthcare.Reimbursements.Api.Abstractions\AzoresGov.Healthcare.Reimbursements.Api.Abstractions.csproj", "{84EA1A6D-91A9-4E6C-A372-B4A292682621}"
EndProject
Project("{9A19103F-16F7-4668-BE54-9A1E7A4F7556}") = "AzoresGov.Healthcare.Reimbursements.UnitOfWork", "AzoresGov.Healthcare.Reimbursements.UnitOfWork\AzoresGov.Healthcare.Reimbursements.UnitOfWork.csproj", "{5E0AF997-1015-4786-8C37-3B51B897B749}"
EndProject
Project("{9A19103F-16F7-4668-BE54-9A1E7A4F7556}") = "AzoresGov.Healthcare.Reimbursements.UnitOfWork.Abstractions", "AzoresGov.Healthcare.Reimbursements.UnitOfWork.Abstractions\AzoresGov.Healthcare.Reimbursements.UnitOfWork.Abstractions.csproj", "{FAF4DF25-02A7-4F3C-AD10-CFE85C78931A}"
EndProject
Project("{9A19103F-16F7-4668-BE54-9A1E7A4F7556}") = "AzoresGov.Healthcare.Reimbursements.Middleware", "AzoresGov.Healthcare.Reimbursements.Middleware\AzoresGov.Healthcare.Reimbursements.Middleware.csproj", "{B2AC1D9E-18E0-433A-BCCC-BE2107FF25F9}"
EndProject
Project("{9A19103F-16F7-4668-BE54-9A1E7A4F7556}") = "AzoresGov.Healthcare.Reimbursements.Middleware.Abstractions", "AzoresGov.Healthcare.Reimbursements.Middleware.Abstractions\AzoresGov.Healthcare.Reimbursements.Middleware.Abstractions.csproj", "{E586952E-A810-48CD-A1EE-0E90C3464F81}"
EndProject
Project("{9A19103F-16F7-4668-BE54-9A1E7A4F7556}") = "AzoresGov.Healthcare.Reimbursements.Configuration", "AzoresGov.Healthcare.Reimbursements.Configuration\AzoresGov.Healthcare.Reimbursements.Configuration.csproj", "{662203CA-D69B-4117-9E8D-5B17165BE752}"
EndProject
Project("{9A19103F-16F7-4668-BE54-9A1E7A4F7556}") = "AzoresGov.Healthcare.Reimbursements.Configuration.Abstractions", "AzoresGov.Healthcare.Reimbursements.Configuration.Abstractions\AzoresGov.Healthcare.Reimbursements.Configuration.Abstractions.csproj", "{F838906F-BCA1-4E33-B3DD-4F6419CBD0A9}"
EndProject
Project("{FAE04EC0-301F-11D3-BF4B-00C04F79EFBC}") = "AzoresGov.Healthcare.Reimbursements.Authentication.Abstractions", "AzoresGov.Healthcare.Reimbursements.Authentication.Abstractions\AzoresGov.Healthcare.Reimbursements.Authentication.Abstractions.csproj", "{3E719BF6-FD52-4E57-8FDD-B693FFCFCA54}"
EndProject
Project("{FAE04EC0-301F-11D3-BF4B-00C04F79EFBC}") = "AzoresGov.Healthcare.Reimbursements.Authentication", "AzoresGov.Healthcare.Reimbursements.Authentication\AzoresGov.Healthcare.Reimbursements.Authentication.csproj", "{47C123E0-ACAA-4759-BE50-B4A58C53FF69}"
EndProject
Global
	GlobalSection(SolutionConfigurationPlatforms) = preSolution
		Debug|Any CPU = Debug|Any CPU
		Release|Any CPU = Release|Any CPU
	EndGlobalSection
	GlobalSection(ProjectConfigurationPlatforms) = postSolution
		{868F048C-D737-4E29-9110-8BE8D1F09275}.Debug|Any CPU.ActiveCfg = Debug|Any CPU
		{868F048C-D737-4E29-9110-8BE8D1F09275}.Debug|Any CPU.Build.0 = Debug|Any CPU
		{868F048C-D737-4E29-9110-8BE8D1F09275}.Release|Any CPU.ActiveCfg = Release|Any CPU
		{868F048C-D737-4E29-9110-8BE8D1F09275}.Release|Any CPU.Build.0 = Release|Any CPU
		{ABE3DAA2-1BDC-4590-9DE1-C170154FE3F6}.Debug|Any CPU.ActiveCfg = Debug|Any CPU
		{ABE3DAA2-1BDC-4590-9DE1-C170154FE3F6}.Debug|Any CPU.Build.0 = Debug|Any CPU
		{ABE3DAA2-1BDC-4590-9DE1-C170154FE3F6}.Release|Any CPU.ActiveCfg = Release|Any CPU
		{ABE3DAA2-1BDC-4590-9DE1-C170154FE3F6}.Release|Any CPU.Build.0 = Release|Any CPU
		{D082737F-73B8-40D6-AFEF-66709E122BC2}.Debug|Any CPU.ActiveCfg = Debug|Any CPU
		{D082737F-73B8-40D6-AFEF-66709E122BC2}.Debug|Any CPU.Build.0 = Debug|Any CPU
		{D082737F-73B8-40D6-AFEF-66709E122BC2}.Release|Any CPU.ActiveCfg = Release|Any CPU
		{D082737F-73B8-40D6-AFEF-66709E122BC2}.Release|Any CPU.Build.0 = Release|Any CPU
		{84EA1A6D-91A9-4E6C-A372-B4A292682621}.Debug|Any CPU.ActiveCfg = Debug|Any CPU
		{84EA1A6D-91A9-4E6C-A372-B4A292682621}.Debug|Any CPU.Build.0 = Debug|Any CPU
		{84EA1A6D-91A9-4E6C-A372-B4A292682621}.Release|Any CPU.ActiveCfg = Release|Any CPU
		{84EA1A6D-91A9-4E6C-A372-B4A292682621}.Release|Any CPU.Build.0 = Release|Any CPU
		{5E0AF997-1015-4786-8C37-3B51B897B749}.Debug|Any CPU.ActiveCfg = Debug|Any CPU
		{5E0AF997-1015-4786-8C37-3B51B897B749}.Debug|Any CPU.Build.0 = Debug|Any CPU
		{5E0AF997-1015-4786-8C37-3B51B897B749}.Release|Any CPU.ActiveCfg = Release|Any CPU
		{5E0AF997-1015-4786-8C37-3B51B897B749}.Release|Any CPU.Build.0 = Release|Any CPU
		{FAF4DF25-02A7-4F3C-AD10-CFE85C78931A}.Debug|Any CPU.ActiveCfg = Debug|Any CPU
		{FAF4DF25-02A7-4F3C-AD10-CFE85C78931A}.Debug|Any CPU.Build.0 = Debug|Any CPU
		{FAF4DF25-02A7-4F3C-AD10-CFE85C78931A}.Release|Any CPU.ActiveCfg = Release|Any CPU
		{FAF4DF25-02A7-4F3C-AD10-CFE85C78931A}.Release|Any CPU.Build.0 = Release|Any CPU
		{B2AC1D9E-18E0-433A-BCCC-BE2107FF25F9}.Debug|Any CPU.ActiveCfg = Debug|Any CPU
		{B2AC1D9E-18E0-433A-BCCC-BE2107FF25F9}.Debug|Any CPU.Build.0 = Debug|Any CPU
		{B2AC1D9E-18E0-433A-BCCC-BE2107FF25F9}.Release|Any CPU.ActiveCfg = Release|Any CPU
		{B2AC1D9E-18E0-433A-BCCC-BE2107FF25F9}.Release|Any CPU.Build.0 = Release|Any CPU
		{E586952E-A810-48CD-A1EE-0E90C3464F81}.Debug|Any CPU.ActiveCfg = Debug|Any CPU
		{E586952E-A810-48CD-A1EE-0E90C3464F81}.Debug|Any CPU.Build.0 = Debug|Any CPU
		{E586952E-A810-48CD-A1EE-0E90C3464F81}.Release|Any CPU.ActiveCfg = Release|Any CPU
		{E586952E-A810-48CD-A1EE-0E90C3464F81}.Release|Any CPU.Build.0 = Release|Any CPU
		{662203CA-D69B-4117-9E8D-5B17165BE752}.Debug|Any CPU.ActiveCfg = Debug|Any CPU
		{662203CA-D69B-4117-9E8D-5B17165BE752}.Debug|Any CPU.Build.0 = Debug|Any CPU
		{662203CA-D69B-4117-9E8D-5B17165BE752}.Release|Any CPU.ActiveCfg = Release|Any CPU
		{662203CA-D69B-4117-9E8D-5B17165BE752}.Release|Any CPU.Build.0 = Release|Any CPU
		{F838906F-BCA1-4E33-B3DD-4F6419CBD0A9}.Debug|Any CPU.ActiveCfg = Debug|Any CPU
		{F838906F-BCA1-4E33-B3DD-4F6419CBD0A9}.Debug|Any CPU.Build.0 = Debug|Any CPU
		{F838906F-BCA1-4E33-B3DD-4F6419CBD0A9}.Release|Any CPU.ActiveCfg = Release|Any CPU
		{F838906F-BCA1-4E33-B3DD-4F6419CBD0A9}.Release|Any CPU.Build.0 = Release|Any CPU
		{3E719BF6-FD52-4E57-8FDD-B693FFCFCA54}.Debug|Any CPU.ActiveCfg = Debug|Any CPU
		{3E719BF6-FD52-4E57-8FDD-B693FFCFCA54}.Debug|Any CPU.Build.0 = Debug|Any CPU
		{3E719BF6-FD52-4E57-8FDD-B693FFCFCA54}.Release|Any CPU.ActiveCfg = Release|Any CPU
		{3E719BF6-FD52-4E57-8FDD-B693FFCFCA54}.Release|Any CPU.Build.0 = Release|Any CPU
		{47C123E0-ACAA-4759-BE50-B4A58C53FF69}.Debug|Any CPU.ActiveCfg = Debug|Any CPU
		{47C123E0-ACAA-4759-BE50-B4A58C53FF69}.Debug|Any CPU.Build.0 = Debug|Any CPU
		{47C123E0-ACAA-4759-BE50-B4A58C53FF69}.Release|Any CPU.ActiveCfg = Release|Any CPU
		{47C123E0-ACAA-4759-BE50-B4A58C53FF69}.Release|Any CPU.Build.0 = Release|Any CPU
	EndGlobalSection
	GlobalSection(SolutionProperties) = preSolution
		HideSolutionNode = FALSE
	EndGlobalSection
	GlobalSection(ExtensibilityGlobals) = postSolution
		SolutionGuid = {0AD161DF-5575-423F-BBF3-13ED93ABA9F4}
	EndGlobalSection
EndGlobal
